{
  "name": "quick-start_onnxruntime-node",
  "version": "1.0.0",
  "lockfileVersion": 3,
  "requires": true,
  "packages": {
    "": {
      "name": "quick-start_onnxruntime-node",
      "version": "1.0.0",
      "dependencies": {
        "onnxruntime-node": "^1.15.1"
      }
    },
    "node_modules/onnxruntime-common": {
      "version": "1.16.1",
      "resolved": "https://registry.npmjs.org/onnxruntime-common/-/onnxruntime-common-1.16.1.tgz",
      "integrity": "sha512-dmKye7bL4/aKhF561h+o9yw1hCCcGfYRN1BoycXm+WUjWhAVlGkP6JdBcRk7MQ1qX/ASFk+8Ibl+yVgCTSP0Fg=="
    },
    "node_modules/onnxruntime-node": {
      "version": "1.16.1",
      "resolved": "https://registry.npmjs.org/onnxruntime-node/-/onnxruntime-node-1.16.1.tgz",
      "integrity": "sha512-o/0zHhfViD1UF91o+ATbYD9QanirdgVnSZK4GVcNaSYNBIhYsiHtIJ0yjnNIA2ZGWoTKCtmR+kcTLliCGXaucw==",
      "os": [
        "win32",
        "darwin",
        "linux"
      ],
      "dependencies": {
        "onnxruntime-common": "~1.16.1"
      }
    }
  }
}
